# THIS IS AN AUTOGENERATED FILE. DO NOT EDIT THIS FILE DIRECTLY.
# yarn lockfile v1


"@abp/aspnetcore.mvc.ui.theme.basic@~10.0.0-rc.2":
  version "10.0.0-rc.2"
  resolved "https://registry.yarnpkg.com/@abp/aspnetcore.mvc.ui.theme.basic/-/aspnetcore.mvc.ui.theme.basic-10.0.0-rc.2.tgz#ed0902c89cb2deef27a067afd2d018f822b749e1"
  integrity sha512-fQJA/d1hauSN1jKLtbh9GAC5Fa0uZdAXWeXMh7y33g5HbjFNrMYznqrHtr7n3jK42a85JNS5XKjFQcbJUuno1w==
  dependencies:
    "@abp/aspnetcore.mvc.ui.theme.shared" "~10.0.0-rc.2"

"@abp/aspnetcore.mvc.ui.theme.shared@~10.0.0-rc.2":
  version "10.0.0-rc.2"
  resolved "https://registry.yarnpkg.com/@abp/aspnetcore.mvc.ui.theme.shared/-/aspnetcore.mvc.ui.theme.shared-10.0.0-rc.2.tgz#b951086b151b7486021709e422af704085197387"
  integrity sha512-JLAHfbf66HN1xRsBlrmDDvH8xQIbS8quJNgw4xu1nZcmvbFGDf2ONZqXyBWsabM6PdQqgDHv11vOxlirPyGEpw==
  dependencies:
    "@abp/aspnetcore.mvc.ui" "~10.0.0-rc.2"
    "@abp/bootstrap" "~10.0.0-rc.2"
    "@abp/bootstrap-datepicker" "~10.0.0-rc.2"
    "@abp/bootstrap-daterangepicker" "~10.0.0-rc.2"
    "@abp/datatables.net-bs5" "~10.0.0-rc.2"
    "@abp/font-awesome" "~10.0.0-rc.2"
    "@abp/jquery-form" "~10.0.0-rc.2"
    "@abp/jquery-validation-unobtrusive" "~10.0.0-rc.2"
    "@abp/lodash" "~10.0.0-rc.2"
    "@abp/luxon" "~10.0.0-rc.2"
    "@abp/malihu-custom-scrollbar-plugin" "~10.0.0-rc.2"
    "@abp/moment" "~10.0.0-rc.2"
    "@abp/select2" "~10.0.0-rc.2"
    "@abp/sweetalert2" "~10.0.0-rc.2"
    "@abp/timeago" "~10.0.0-rc.2"

"@abp/aspnetcore.mvc.ui@~10.0.0-rc.2":
  version "10.0.0-rc.2"
  resolved "https://registry.yarnpkg.com/@abp/aspnetcore.mvc.ui/-/aspnetcore.mvc.ui-10.0.0-rc.2.tgz#0e4fedc4c513de45f4f3f63fea825d8804e36fc4"
  integrity sha512-KBMJwn31AAMlmtU3UzM/qJ/3drMxvfZrIizpnsYMhrJEXamcbs027/6ajHqR0rJ6S91pS5K5kgRkQttuCyKPYg==
  dependencies:
    ansi-colors "^4.1.3"

"@abp/bootstrap-datepicker@~10.0.0-rc.2":
  version "10.0.0-rc.2"
  resolved "https://registry.yarnpkg.com/@abp/bootstrap-datepicker/-/bootstrap-datepicker-10.0.0-rc.2.tgz#f72ba292dbb2a849836f14b001abd15743ba3b89"
  integrity sha512-kPoih4Zvy1jxamrfXOITVWKEioASZmgYGSeyTzbgET/dEVG+rPn1s6w4tkjCiWkXsDdCheC8ftJUWXYYkB1g8A==
  dependencies:
    bootstrap-datepicker "^1.10.1"

"@abp/bootstrap-daterangepicker@~10.0.0-rc.2":
  version "10.0.0-rc.2"
  resolved "https://registry.yarnpkg.com/@abp/bootstrap-daterangepicker/-/bootstrap-daterangepicker-10.0.0-rc.2.tgz#e0b442677d619a92ae67e8982de0990776f77bb7"
  integrity sha512-o6XYZ43Xlra8ZWBKZ+OwCLi8NN/urR34gpH//MSx0a30rZtAqfX7fvk4dRj+llNuV1vYkFXNqbdkS6xofEnFwQ==
  dependencies:
    bootstrap-daterangepicker "^3.1.0"

"@abp/bootstrap@~10.0.0-rc.2":
  version "10.0.0-rc.2"
  resolved "https://registry.yarnpkg.com/@abp/bootstrap/-/bootstrap-10.0.0-rc.2.tgz#731591b3782f2a43d1b4a03dcdf7364cb98f5d57"
  integrity sha512-z8xBA3AL7oPtqN3Nq7r5XUxOdN1K7W83VxrfZrB2gXk8RSJTRiXN2gSI2dz6GB4m7mguQtpsGIwCU31qGBi4vA==
  dependencies:
    "@abp/core" "~10.0.0-rc.2"
    bootstrap "^5.3.8"

"@abp/clipboard@~10.0.0-rc.2":
  version "10.0.0-rc.2"
  resolved "https://registry.yarnpkg.com/@abp/clipboard/-/clipboard-10.0.0-rc.2.tgz#0f69fa5e56a569d3b757bb5632eaeb971939f255"
  integrity sha512-rO8QdKUlsRKzRbkXEWgTle8E4aJEpQcaU9RFH+/28wmOR6uOg3IUhmQqqxKBHDqcIo2icjNkTnavA00lEg3hkQ==
  dependencies:
    "@abp/core" "~10.0.0-rc.2"
    clipboard "^2.0.11"

"@abp/core@~10.0.0-rc.2":
  version "10.0.0-rc.2"
  resolved "https://registry.yarnpkg.com/@abp/core/-/core-10.0.0-rc.2.tgz#8e6e793cb5ff3dacec26e8d5b7c92a22bf780626"
  integrity sha512-b58e1wKSYtoNh4m992wTFA8QmAgBTGF0T4rAfS3J8Mlw1feeBZNC1aAzxYppVD5k831rgYe5AA4+TQoQ8LaGDg==
  dependencies:
    "@abp/utils" "~10.0.0-rc.2"

"@abp/datatables.net-bs5@~10.0.0-rc.2":
  version "10.0.0-rc.2"
  resolved "https://registry.yarnpkg.com/@abp/datatables.net-bs5/-/datatables.net-bs5-10.0.0-rc.2.tgz#33af7fcfc7c2699798191844594b623ced5a7e21"
  integrity sha512-B1DJndqet5iLJ+lS9fbPoceV7e4nXqG11UU+Xuq39/ZL9jkePT766hRAn1NBccawIWyS9XuzeCg7olE6VL4g6w==
  dependencies:
    "@abp/datatables.net" "~10.0.0-rc.2"
    datatables.net-bs5 "^2.3.4"

"@abp/datatables.net@~10.0.0-rc.2":
  version "10.0.0-rc.2"
  resolved "https://registry.yarnpkg.com/@abp/datatables.net/-/datatables.net-10.0.0-rc.2.tgz#8f10e39cf8f9d93b3e86433f4ea49095a5edf89e"
  integrity sha512-bzkFwmBfqP/XZmRjFY1bCm6TVozQBf8ZMl2lAGvKRSBW6FdOXtu+yJkcOuypLXuzjAy9chWsvMwslB+9kmY+Zg==
  dependencies:
    "@abp/jquery" "~10.0.0-rc.2"
    datatables.net "^2.3.4"

"@abp/font-awesome@~10.0.0-rc.2":
  version "10.0.0-rc.2"
  resolved "https://registry.yarnpkg.com/@abp/font-awesome/-/font-awesome-10.0.0-rc.2.tgz#1cb45584bb3f682947e00a4c624201c67194c52e"
  integrity sha512-dxcA2ZiGf3ybE46fyrotIHFEDF6mQ/xA2M8qDm0Dv5bJhh/w/1lltgsfP10bIlk/AeS9b9ASL2d+9gjOk1y2bA==
  dependencies:
    "@abp/core" "~10.0.0-rc.2"
    "@fortawesome/fontawesome-free" "^7.0.1"

"@abp/jquery-form@~10.0.0-rc.2":
  version "10.0.0-rc.2"
  resolved "https://registry.yarnpkg.com/@abp/jquery-form/-/jquery-form-10.0.0-rc.2.tgz#5261f8de23ba5744f2251a9be21176df936ca3c1"
  integrity sha512-a9lU87y0RP/suiIhmpahAfi9g7HRrstl9xjZzx2asp+bp1oEVUwKD/P+0MGMb3aCbQS/X9ky2NkRe3/as7MMNQ==
  dependencies:
    "@abp/jquery" "~10.0.0-rc.2"
    jquery-form "^4.3.0"

"@abp/jquery-validation-unobtrusive@~10.0.0-rc.2":
  version "10.0.0-rc.2"
  resolved "https://registry.yarnpkg.com/@abp/jquery-validation-unobtrusive/-/jquery-validation-unobtrusive-10.0.0-rc.2.tgz#90a0ec9080a8c9f8f1cfe6ab3ad0e958fc3cd54c"
  integrity sha512-JnkllyfQVe+snZkO6aCnkRE+FpE0msiONaxn5NBjDtvRit9OmQ4eTtr0cnb+VdIpfIud2+L33kkCekCfAr9LwA==
  dependencies:
    "@abp/jquery-validation" "~10.0.0-rc.2"
    jquery-validation-unobtrusive "^4.0.0"

"@abp/jquery-validation@~10.0.0-rc.2":
  version "10.0.0-rc.2"
  resolved "https://registry.yarnpkg.com/@abp/jquery-validation/-/jquery-validation-10.0.0-rc.2.tgz#92740c9541e1962c765cb956535f07cc1172fbfc"
  integrity sha512-oi5oeEo2iLZcD3JHCyYYSc6qXG8iVxAnTPbELE2S5HU8UGf+b4nmTf1vvRl0QP+pTZoY827GRxkaJTRa1LSJQA==
  dependencies:
    "@abp/jquery" "~10.0.0-rc.2"
    jquery-validation "^1.21.0"

"@abp/jquery@~10.0.0-rc.2":
  version "10.0.0-rc.2"
  resolved "https://registry.yarnpkg.com/@abp/jquery/-/jquery-10.0.0-rc.2.tgz#1d38e7b83a747794b1cb65edc869abbc1b39b67b"
  integrity sha512-Vld08a3dc4MdkQpvUfbGJcDUi9+vFGyWScjpqMGtUA5UiXgB8ZjbGfNN+9810vq23ekx2yNHGzUFMBqKJKKCNg==
  dependencies:
    "@abp/core" "~10.0.0-rc.2"
    jquery "~3.7.1"

"@abp/lodash@~10.0.0-rc.2":
  version "10.0.0-rc.2"
  resolved "https://registry.yarnpkg.com/@abp/lodash/-/lodash-10.0.0-rc.2.tgz#3e9553d16b627a685d083b7e29c315549b6c9753"
  integrity sha512-TyK6tF7Ua5Ol3PLA06+7S/BFzqQieiPlYMlAaUV3rxwYoRHEa1xFA7Pif73fLQkNHTHAblpIzwwzDIYAlpmtFA==
  dependencies:
    "@abp/core" "~10.0.0-rc.2"
    lodash "^4.17.21"

"@abp/luxon@~10.0.0-rc.2":
  version "10.0.0-rc.2"
  resolved "https://registry.yarnpkg.com/@abp/luxon/-/luxon-10.0.0-rc.2.tgz#d0a4c38c84371ebac981fb9652ada52b57900928"
  integrity sha512-ThaPCqcY9ieeh83YB7/BX1AD2yq5swRBCXBNrqNzEyyng7PrGwsyAgPtRxyJMCoxxju2VIp8+iUQFnEWXpLP0g==
  dependencies:
    "@abp/core" "~10.0.0-rc.2"
    luxon "^3.7.2"

"@abp/malihu-custom-scrollbar-plugin@~10.0.0-rc.2":
  version "10.0.0-rc.2"
  resolved "https://registry.yarnpkg.com/@abp/malihu-custom-scrollbar-plugin/-/malihu-custom-scrollbar-plugin-10.0.0-rc.2.tgz#d82dc63351e7263c47bd4a65dfc5dd982d2ca558"
  integrity sha512-36Oml/7Nonu0hL/Tvrh6PHn7BvMMZaC7l3hiZfW/DtJ6RvKDJsjDk++x1kalS3TxvTz3+We4N2zjiYTpVYnVcw==
  dependencies:
    "@abp/core" "~10.0.0-rc.2"
    malihu-custom-scrollbar-plugin "^3.1.5"

"@abp/moment@~10.0.0-rc.2":
  version "10.0.0-rc.2"
  resolved "https://registry.yarnpkg.com/@abp/moment/-/moment-10.0.0-rc.2.tgz#8b523ccfc2d5c1d3139198a9a59f89f6fceec5e5"
  integrity sha512-/29w6+pc3IpCzpDEQyJ9GQ/gNl9Gt1OmV+7RmnHTkgVswtAAvipRE8W3fvRLjmx40ogE9y2D8/QJGZ5RW8Yr4g==
  dependencies:
    moment "^2.30.1"

"@abp/prismjs@~10.0.0-rc.2":
  version "10.0.0-rc.2"
  resolved "https://registry.yarnpkg.com/@abp/prismjs/-/prismjs-10.0.0-rc.2.tgz#ef7a99bec6c4a53954d827120e0834a60a58d277"
  integrity sha512-UqGxADT1z4gt6EuWBeB7aGQHgTdaQOAOuwCUIiI2DPQlgq+7aJkRyRZsc2rFVSMCmEEMB1NmLyK3x2PH8Bna+g==
  dependencies:
    "@abp/clipboard" "~10.0.0-rc.2"
    "@abp/core" "~10.0.0-rc.2"
    prismjs "^1.30.0"

"@abp/select2@~10.0.0-rc.2":
  version "10.0.0-rc.2"
  resolved "https://registry.yarnpkg.com/@abp/select2/-/select2-10.0.0-rc.2.tgz#8c0015a708a217644f46296b9e802a98f1a000bc"
  integrity sha512-Un92/WwEm6H0QUzc3QtcbxGKYd5MvC8rsRtcq0oC6vXPVuGn4rZT/s+Ds+TeObXOPhKsW6rYywZaUQxchWo3dw==
  dependencies:
    "@abp/core" "~10.0.0-rc.2"
    select2 "^4.0.13"

"@abp/sweetalert2@~10.0.0-rc.2":
  version "10.0.0-rc.2"
  resolved "https://registry.yarnpkg.com/@abp/sweetalert2/-/sweetalert2-10.0.0-rc.2.tgz#4e3ff7f694e17588e623d450394cbd2d7e268bd4"
  integrity sha512-JxRZ6YK5GH3+ByYgu/bz0jJZYTJ+KEWizta/b5E34VmbHkqcxTNvnhgryAmfHwpCzWbrZ1NfiKEvCU/So6/pkg==
  dependencies:
    "@abp/core" "~10.0.0-rc.2"
    sweetalert2 "^11.23.0"

"@abp/timeago@~10.0.0-rc.2":
  version "10.0.0-rc.2"
  resolved "https://registry.yarnpkg.com/@abp/timeago/-/timeago-10.0.0-rc.2.tgz#16be664c013a8c3e705565f8842e5ee921f0add2"
  integrity sha512-Q2Xm6kGGG0np9bqtnkLQ9Py/d1z5Q5XYvWFU1pIgWtl+rZaQ375J0pNMVYW0YOOQjw9oWbfjJWMq3TH1YV4xbg==
  dependencies:
    "@abp/jquery" "~10.0.0-rc.2"
    timeago "^1.6.7"

"@abp/utils@~10.0.0-rc.2":
  version "10.0.0-rc.2"
  resolved "https://registry.yarnpkg.com/@abp/utils/-/utils-10.0.0-rc.2.tgz#6dde9360cfd1f464a971585faa76c5b409a59fff"
  integrity sha512-aCX+RGPNyI+LqwhR/AeU/s1MsUdMd1drgt9IN4PNfm/JR/wlAP2CG78IwxKtfc/8QPpH5P29LxJdbjWubMny1A==
  dependencies:
    just-compare "^2.3.0"

"@fortawesome/fontawesome-free@^7.0.1":
  version "7.1.0"
  resolved "https://registry.yarnpkg.com/@fortawesome/fontawesome-free/-/fontawesome-free-7.1.0.tgz#8eb76278515341720aa74485266f8be121089529"
  integrity sha512-+WxNld5ZCJHvPQCr/GnzCTVREyStrAJjisUPtUxG5ngDA8TMlPnKp6dddlTpai4+1GNmltAeuk1hJEkBohwZYA==

ansi-colors@^4.1.3:
  version "4.1.3"
  resolved "https://registry.yarnpkg.com/ansi-colors/-/ansi-colors-4.1.3.tgz#37611340eb2243e70cc604cad35d63270d48781b"
  integrity sha512-/6w/C21Pm1A7aZitlI5Ni/2J6FFQN8i1Cvz3kHABAAbw93v/NlvKdVOqz7CCWz/3iv/JplRSEEZ83XION15ovw==

bootstrap-datepicker@^1.10.1:
  version "1.10.1"
  resolved "https://registry.yarnpkg.com/bootstrap-datepicker/-/bootstrap-datepicker-1.10.1.tgz#0a8bec42957ea1ce1272b91bcf2b53696629fb86"
  integrity sha512-GIe+fsLp9Hi30oW7L2v2Q9/a4+aojrIA2p4ZagtLuKw2lpfQgjJjM0L6vl/lYQydGXWUbpoKbEC/O5tzWIkEKQ==
  dependencies:
    jquery ">=3.4.0 <4.0.0"

bootstrap-daterangepicker@^3.1.0:
  version "3.1.0"
  resolved "https://registry.yarnpkg.com/bootstrap-daterangepicker/-/bootstrap-daterangepicker-3.1.0.tgz#632e6fb2de4b6360c5c0a9d5f6adb9aace051fe8"
  integrity sha512-oaQZx6ZBDo/dZNyXGVi2rx5GmFXThyQLAxdtIqjtLlYVaQUfQALl5JZMJJZzyDIX7blfy4ppZPAJ10g8Ma4d/g==
  dependencies:
    jquery ">=1.10"
    moment "^2.9.0"

bootstrap@^5.3.8:
  version "5.3.8"
  resolved "https://registry.yarnpkg.com/bootstrap/-/bootstrap-5.3.8.tgz#6401a10057a22752d21f4e19055508980656aeed"
  integrity sha512-HP1SZDqaLDPwsNiqRqi5NcP0SSXciX2s9E+RyqJIIqGo+vJeN5AJVM98CXmW/Wux0nQ5L7jeWUdplCEf0Ee+tg==

clipboard@^2.0.11:
  version "2.0.11"
  resolved "https://registry.yarnpkg.com/clipboard/-/clipboard-2.0.11.tgz#62180360b97dd668b6b3a84ec226975762a70be5"
  integrity sha512-C+0bbOqkezLIsmWSvlsXS0Q0bmkugu7jcfMIACB+RDEntIzQIkdr148we28AfSloQLRdZlYL/QYyrq05j/3Faw==
  dependencies:
    good-listener "^1.2.2"
    select "^1.1.2"
    tiny-emitter "^2.0.0"

datatables.net-bs5@^2.3.4:
  version "2.3.4"
  resolved "https://registry.yarnpkg.com/datatables.net-bs5/-/datatables.net-bs5-2.3.4.tgz#63326190c20552c8c2c4d19a57ecdd10f0fe27ff"
  integrity sha512-OSoPWhNfiU71VjNP604uTmFRxiX32U7SCW0KRZ2X6z3ZYbIwjjoWcMEjjPWOH3uOqaI0OTDBgOgOs5G28VaJog==
  dependencies:
    datatables.net "2.3.4"
    jquery ">=1.7"

datatables.net@2.3.4, datatables.net@^2.3.4:
  version "2.3.4"
  resolved "https://registry.yarnpkg.com/datatables.net/-/datatables.net-2.3.4.tgz#8cf69f2e6cb8d271be3d5c4f75a479684d20f253"
  integrity sha512-fKuRlrBIdpAl2uIFgl9enKecHB41QmFd/2nN9LBbOvItV/JalAxLcyqdZXex7wX4ZXjnJQEnv6xeS9veOpKzSw==
  dependencies:
    jquery ">=1.7"

delegate@^3.1.2:
  version "3.2.0"
  resolved "https://registry.yarnpkg.com/delegate/-/delegate-3.2.0.tgz#b66b71c3158522e8ab5744f720d8ca0c2af59166"
  integrity sha512-IofjkYBZaZivn0V8nnsMJGBr4jVLxHDheKSW88PyxS5QC4Vo9ZbZVvhzlSxY87fVq3STR6r+4cGepyHkcWOQSw==

good-listener@^1.2.2:
  version "1.2.2"
  resolved "https://registry.yarnpkg.com/good-listener/-/good-listener-1.2.2.tgz#d53b30cdf9313dffb7dc9a0d477096aa6d145c50"
  integrity sha512-goW1b+d9q/HIwbVYZzZ6SsTr4IgE+WA44A0GmPIQstuOrgsFcT7VEJ48nmr9GaRtNu0XTKacFLGnBPAM6Afouw==
  dependencies:
    delegate "^3.1.2"

jquery-form@^4.3.0:
  version "4.3.0"
  resolved "https://registry.yarnpkg.com/jquery-form/-/jquery-form-4.3.0.tgz#7d3961c314a1f2d15298f4af1d3943f54f4149c6"
  integrity sha512-q3uaVCEWdLOYUCI6dpNdwf/7cJFOsUgdpq6r0taxtGQ5NJSkOzofyWm4jpOuJ5YxdmL1FI5QR+q+HB63HHLGnQ==
  dependencies:
    jquery ">=1.7.2"

jquery-mousewheel@>=3.0.6:
  version "3.1.13"
  resolved "https://registry.yarnpkg.com/jquery-mousewheel/-/jquery-mousewheel-3.1.13.tgz#06f0335f16e353a695e7206bf50503cb523a6ee5"
  integrity sha512-GXhSjfOPyDemM005YCEHvzrEALhKDIswtxSHSR2e4K/suHVJKJxxRCGz3skPjNxjJjQa9AVSGGlYjv1M3VLIPg==

jquery-validation-unobtrusive@^4.0.0:
  version "4.0.0"
  resolved "https://registry.yarnpkg.com/jquery-validation-unobtrusive/-/jquery-validation-unobtrusive-4.0.0.tgz#dfcf25a558496a2c883db6021d10f5398d15f99d"
  integrity sha512-1ervYFFv6LX/rp7ktuLnMakHNG0piNRDyROI8Ir3hL1vPIwylAehB1AY3BPrYJnzW3WmwWryZq+Bz4sazZK9iQ==
  dependencies:
    jquery "^3.6.0"
    jquery-validation ">=1.19"

jquery-validation@>=1.19, jquery-validation@^1.21.0:
  version "1.21.0"
  resolved "https://registry.yarnpkg.com/jquery-validation/-/jquery-validation-1.21.0.tgz#78fc05ab76020912a246af3661b3f54a438bca93"
  integrity sha512-xNot0rlUIgu7duMcQ5qb6MGkGL/Z1PQaRJQoZAURW9+a/2PGOUxY36o/WyNeP2T9R6jvWB8Z9lUVvvQWI/Zs5w==

jquery@>=1.10, "jquery@>=1.5.0 <4.0", jquery@>=1.7, jquery@>=1.7.2:
  version "3.6.4"
  resolved "https://registry.yarnpkg.com/jquery/-/jquery-3.6.4.tgz#ba065c188142100be4833699852bf7c24dc0252f"
  integrity sha512-v28EW9DWDFpzcD9O5iyJXg3R3+q+mET5JhnjJzQUZMHOv67bpSIHq81GEYpPNZHG+XXHsfSme3nxp/hndKEcsQ==

"jquery@>=3.4.0 <4.0.0", jquery@^3.6.0, jquery@~3.7.1:
  version "3.7.1"
  resolved "https://registry.yarnpkg.com/jquery/-/jquery-3.7.1.tgz#083ef98927c9a6a74d05a6af02806566d16274de"
  integrity sha512-m4avr8yL8kmFN8psrbFFFmB/If14iN5o9nw/NgnnM+kybDJpRsAynV2BsfpTYrTRysYUdADVD7CkUUizgkpLfg==

just-compare@^2.3.0:
  version "2.3.0"
  resolved "https://registry.yarnpkg.com/just-compare/-/just-compare-2.3.0.tgz#a2adcc1d1940536263275f5a1ef1298bcacfeda7"
  integrity sha512-6shoR7HDT+fzfL3gBahx1jZG3hWLrhPAf+l7nCwahDdT9XDtosB9kIF0ZrzUp5QY8dJWfQVr5rnsPqsbvflDzg==

lodash@^4.17.21:
  version "4.17.21"
  resolved "https://registry.yarnpkg.com/lodash/-/lodash-4.17.21.tgz#679591c564c3bffaae8454cf0b3df370c3d6911c"
  integrity sha512-v2kDEe57lecTulaDIuNTPy3Ry4gLGJ6Z1O3vE1krgXZNrsQ+LFTGHVxVjcXPs17LhbZVGedAJv8XZ1tvj5FvSg==

luxon@^3.7.2:
  version "3.7.2"
  resolved "https://registry.yarnpkg.com/luxon/-/luxon-3.7.2.tgz#d697e48f478553cca187a0f8436aff468e3ba0ba"
  integrity sha512-vtEhXh/gNjI9Yg1u4jX/0YVPMvxzHuGgCm6tC5kZyb08yjGWGnqAjGJvcXbqQR2P3MyMEFnRbpcdFS6PBcLqew==

malihu-custom-scrollbar-plugin@^3.1.5:
  version "3.1.5"
  resolved "https://registry.yarnpkg.com/malihu-custom-scrollbar-plugin/-/malihu-custom-scrollbar-plugin-3.1.5.tgz#310cecc5e59415a1c29e9dfb5d2b6e01d66a29ef"
  integrity sha512-lwW3LgI+CNDMPnP4ED2la6oYxWMkCXlnhex+s2wuOLhFDFGnGmQuTQVdRK9bvDLpxs10sGlfErVufJy9ztfgJQ==
  dependencies:
    jquery-mousewheel ">=3.0.6"

moment@^2.30.1:
  version "2.30.1"
  resolved "https://registry.yarnpkg.com/moment/-/moment-2.30.1.tgz#f8c91c07b7a786e30c59926df530b4eac96974ae"
  integrity sha512-uEmtNhbDOrWPFS+hdjFCBfy9f2YoyzRpwcl+DqpC6taX21FzsTLQVbMV/W7PzNSX6x/bhC1zA3c2UQ5NzH6how==

moment@^2.9.0:
  version "2.29.4"
  resolved "https://registry.yarnpkg.com/moment/-/moment-2.29.4.tgz#3dbe052889fe7c1b2ed966fcb3a77328964ef108"
  integrity sha512-5LC9SOxjSc2HF6vO2CyuTDNivEdoz2IvyJJGj6X8DJ0eFyfszE0QiEd+iXmBvUP3WHxSjFH/vIsA0EN00cgr8w==

prismjs@^1.30.0:
  version "1.30.0"
  resolved "https://registry.yarnpkg.com/prismjs/-/prismjs-1.30.0.tgz#d9709969d9d4e16403f6f348c63553b19f0975a9"
  integrity sha512-DEvV2ZF2r2/63V+tK8hQvrR2ZGn10srHbXviTlcv7Kpzw8jWiNTqbVgjO3IY8RxrrOUF8VPMQQFysYYYv0YZxw==

select2@^4.0.13:
  version "4.0.13"
  resolved "https://registry.yarnpkg.com/select2/-/select2-4.0.13.tgz#0dbe377df3f96167c4c1626033e924372d8ef44d"
  integrity sha512-1JeB87s6oN/TDxQQYCvS5EFoQyvV6eYMZZ0AeA4tdFDYWN3BAGZ8npr17UBFddU0lgAt3H0yjX3X6/ekOj1yjw==

select@^1.1.2:
  version "1.1.2"
  resolved "https://registry.yarnpkg.com/select/-/select-1.1.2.tgz#0e7350acdec80b1108528786ec1d4418d11b396d"
  integrity sha512-OwpTSOfy6xSs1+pwcNrv0RBMOzI39Lp3qQKUTPVVPRjCdNa5JH/oPRiqsesIskK8TVgmRiHwO4KXlV2Li9dANA==

sweetalert2@^11.23.0:
  version "11.26.3"
  resolved "https://registry.yarnpkg.com/sweetalert2/-/sweetalert2-11.26.3.tgz#6e8188cf71818af34d62fe33a2465690cde9836d"
  integrity sha512-VU0hGw/WfI9h7Mh+SCsDlWgtxDwWZ6ccqS7QcO8zEeWnwplN1GptcLstq76OluUBSLUza6ldvKd3558OhjpJ9A==

timeago@^1.6.7:
  version "1.6.7"
  resolved "https://registry.yarnpkg.com/timeago/-/timeago-1.6.7.tgz#afd467c29a911e697fc22a81888c7c3022783cb5"
  integrity sha512-FikcjN98+ij0siKH4VO4dZ358PR3oDDq4Vdl1+sN9gWz1/+JXGr3uZbUShYH/hL7bMhcTpPbplJU5Tej4b4jbQ==
  dependencies:
    jquery ">=1.5.0 <4.0"

tiny-emitter@^2.0.0:
  version "2.1.0"
  resolved "https://registry.yarnpkg.com/tiny-emitter/-/tiny-emitter-2.1.0.tgz#1d1a56edfc51c43e863cbb5382a72330e3555423"
  integrity sha512-NB6Dk1A9xgQPMoGqC5CVXn123gWyte215ONT5Pp5a0yt4nlEoO1ZWeCwpncaekPHXO60i47ihFnZPiRPjRMq4Q==
