# THIS IS AN AUTOGENERATED FILE. DO NOT EDIT THIS FILE DIRECTLY.
# yarn lockfile v1


"@abp/aspnetcore.mvc.ui.theme.basic@~9.1.0-rc.1":
  version "9.1.0-rc.1"
  resolved "https://registry.yarnpkg.com/@abp/aspnetcore.mvc.ui.theme.basic/-/aspnetcore.mvc.ui.theme.basic-9.1.0-rc.1.tgz#23c87db708ff4cc9e1c99c7433c494fd3a5ae0b8"
  integrity sha512-N+l3BcYHVZgSmyfyhSt1o8ecg8pwu67JRE1wwcm/nqmtAYXNK77/wkd9KgJf+w0JHuFihLCnLUOF17jho3XWVQ==
  dependencies:
    "@abp/aspnetcore.mvc.ui.theme.shared" "~9.1.0-rc.1"

"@abp/aspnetcore.mvc.ui.theme.shared@~9.1.0-rc.1":
  version "9.1.0-rc.1"
  resolved "https://registry.yarnpkg.com/@abp/aspnetcore.mvc.ui.theme.shared/-/aspnetcore.mvc.ui.theme.shared-9.1.0-rc.1.tgz#c89df895b7814f5bdf7b7b8ca0c368b5d8e44538"
  integrity sha512-zzO8JKGLI/zMqE1Yqnzs+EogPUq3sXBdLD13Hs1ZOBoMo2ck7r9/DnRD2YYpMEkbFNdpbOraKGCphDqa6+867w==
  dependencies:
    "@abp/aspnetcore.mvc.ui" "~9.1.0-rc.1"
    "@abp/bootstrap" "~9.1.0-rc.1"
    "@abp/bootstrap-datepicker" "~9.1.0-rc.1"
    "@abp/bootstrap-daterangepicker" "~9.1.0-rc.1"
    "@abp/datatables.net-bs5" "~9.1.0-rc.1"
    "@abp/font-awesome" "~9.1.0-rc.1"
    "@abp/jquery-form" "~9.1.0-rc.1"
    "@abp/jquery-validation-unobtrusive" "~9.1.0-rc.1"
    "@abp/lodash" "~9.1.0-rc.1"
    "@abp/luxon" "~9.1.0-rc.1"
    "@abp/malihu-custom-scrollbar-plugin" "~9.1.0-rc.1"
    "@abp/moment" "~9.1.0-rc.1"
    "@abp/select2" "~9.1.0-rc.1"
    "@abp/sweetalert2" "~9.1.0-rc.1"
    "@abp/timeago" "~9.1.0-rc.1"
    "@abp/toastr" "~9.1.0-rc.1"

"@abp/aspnetcore.mvc.ui@~9.1.0-rc.1":
  version "9.1.0-rc.1"
  resolved "https://registry.yarnpkg.com/@abp/aspnetcore.mvc.ui/-/aspnetcore.mvc.ui-9.1.0-rc.1.tgz#057934df3a8182a7f25e27c3d01753fc5977a82a"
  integrity sha512-nNqRSkMVcpSkeQ8jk+fbDX4f09rofYgI4TU3vPCZSDUXC72OZYMTMCkhu3ryPm7JMreDRnjz6APY8nw+JIadCQ==
  dependencies:
    ansi-colors "^4.1.3"

"@abp/bootstrap-datepicker@~9.1.0-rc.1":
  version "9.1.0-rc.1"
  resolved "https://registry.yarnpkg.com/@abp/bootstrap-datepicker/-/bootstrap-datepicker-9.1.0-rc.1.tgz#3e8555a25aa82503cf969cd2d0f11473f46757b4"
  integrity sha512-Q/GQdBcbgYrb4ION0pYXzDgig+fkYGC0znTAGR0kCgwnLzcrjtQRWUjmfDUFgYP7QPmkh9F9pdQcivd5NV09Zw==
  dependencies:
    bootstrap-datepicker "^1.10.0"

"@abp/bootstrap-daterangepicker@~9.1.0-rc.1":
  version "9.1.0-rc.1"
  resolved "https://registry.yarnpkg.com/@abp/bootstrap-daterangepicker/-/bootstrap-daterangepicker-9.1.0-rc.1.tgz#840ef1b7841d747df614e25567d944ab61c08e8c"
  integrity sha512-iNiNLVf/lpINnDQVqTgzexNG/LmiXCN3FU1oONgFSna2vJKRbzmlYUdVp4m2zwAlNaFNsdj5jr2sZiHkjauXiQ==
  dependencies:
    bootstrap-daterangepicker "^3.1.0"

"@abp/bootstrap@~9.1.0-rc.1":
  version "9.1.0-rc.1"
  resolved "https://registry.yarnpkg.com/@abp/bootstrap/-/bootstrap-9.1.0-rc.1.tgz#0bc9708d25fa0c53565d0f0fe47adff91516380b"
  integrity sha512-R2kfUvdE4evOAFuOPpZUuocYfBP8OZy07kZ5EnvSoAjfzZ/aCpkR3ceVCZSa29g5jux4MQVB4jlgiSiAGskzDg==
  dependencies:
    "@abp/core" "~9.1.0-rc.1"
    bootstrap "^5.3.3"

"@abp/clipboard@~9.1.0-rc.1":
  version "9.1.0-rc.1"
  resolved "https://registry.yarnpkg.com/@abp/clipboard/-/clipboard-9.1.0-rc.1.tgz#ab6ac8dc5425931c556c5933f34c095278dc5605"
  integrity sha512-liLXqmshDfXdp+S2ogG7ETvTxLr9F7oB4xqutJRNl1fSyMbnfjZBfs4lm+Ak+n0jQDvVXKL/cj4+8ztyuYujpg==
  dependencies:
    "@abp/core" "~9.1.0-rc.1"
    clipboard "^2.0.11"

"@abp/core@~9.1.0-rc.1":
  version "9.1.0-rc.1"
  resolved "https://registry.yarnpkg.com/@abp/core/-/core-9.1.0-rc.1.tgz#3793d77f611b1b9d661ee5803bd1569057f742cc"
  integrity sha512-KA2xtBb+eiGnviZm8bMzlVbZSnWQS+JIJsrD4mwAGpX0ijLfXIq8jOELeG9G2XkYLN78Yj0pxzS8vDApD7SJ2A==
  dependencies:
    "@abp/utils" "~9.1.0-rc.1"

"@abp/datatables.net-bs5@~9.1.0-rc.1":
  version "9.1.0-rc.1"
  resolved "https://registry.yarnpkg.com/@abp/datatables.net-bs5/-/datatables.net-bs5-9.1.0-rc.1.tgz#2ffa6e46c3785851775a83c9c7069de92304f183"
  integrity sha512-ctLeWZEbCggMfS3WhFIZimEylk04YLnRDz5Q5NDQyrFHHh7KH0/zGsKGw0AQFaf0mN1wikBAEkhXLqIRbLNWZQ==
  dependencies:
    "@abp/datatables.net" "~9.1.0-rc.1"
    datatables.net-bs5 "^2.1.8"

"@abp/datatables.net@~9.1.0-rc.1":
  version "9.1.0-rc.1"
  resolved "https://registry.yarnpkg.com/@abp/datatables.net/-/datatables.net-9.1.0-rc.1.tgz#8bcc59ec58b539d9e403e7f25c8cc28f7c8257e8"
  integrity sha512-6Z9y1wCB13bxipGkTJK9R8F+mrxG4juBtfOjOvLWdFIRE33HfrbQA6MD6RISQGOcNIOHF6b+VwSkFFOw2qm7nQ==
  dependencies:
    "@abp/jquery" "~9.1.0-rc.1"
    datatables.net "^2.1.8"

"@abp/font-awesome@~9.1.0-rc.1":
  version "9.1.0-rc.1"
  resolved "https://registry.yarnpkg.com/@abp/font-awesome/-/font-awesome-9.1.0-rc.1.tgz#8e90b050c2acb2970de6c98958a50c896dc7b242"
  integrity sha512-IRvSetF0HywDXzS6er2Adrp/dWGy6k9MUWqAlQuJSr/u3dnalnbKYns49yORWGHm4L6Y/Cjj+TwcF3tvFq3jzg==
  dependencies:
    "@abp/core" "~9.1.0-rc.1"
    "@fortawesome/fontawesome-free" "^6.6.0"

"@abp/jquery-form@~9.1.0-rc.1":
  version "9.1.0-rc.1"
  resolved "https://registry.yarnpkg.com/@abp/jquery-form/-/jquery-form-9.1.0-rc.1.tgz#561f3f1fd6742ef3cf2b6c5d2ab4897367ae004b"
  integrity sha512-sOsIqX1tjE0mz9man7zzs+13/ZelMyRiytRbLjhv7RavLM00IKm5Q4nH3fWjd+G9HByG0Ba5uxYgA4IH3rwjbA==
  dependencies:
    "@abp/jquery" "~9.1.0-rc.1"
    jquery-form "^4.3.0"

"@abp/jquery-validation-unobtrusive@~9.1.0-rc.1":
  version "9.1.0-rc.1"
  resolved "https://registry.yarnpkg.com/@abp/jquery-validation-unobtrusive/-/jquery-validation-unobtrusive-9.1.0-rc.1.tgz#9a906ec7b669fd9f217a410b6a88812c0a745c5b"
  integrity sha512-ErgAy0x9ZRp95KXdprDWrZUy8HI67w24ayhRPXJxiybtYeO2kvnolHSJNrb9kJBstY568YScx0cWJ4b1iviORQ==
  dependencies:
    "@abp/jquery-validation" "~9.1.0-rc.1"
    jquery-validation-unobtrusive "^4.0.0"

"@abp/jquery-validation@~9.1.0-rc.1":
  version "9.1.0-rc.1"
  resolved "https://registry.yarnpkg.com/@abp/jquery-validation/-/jquery-validation-9.1.0-rc.1.tgz#d6392eda98c80f355c2769080b59af77e0e401d9"
  integrity sha512-MAIecmyJoGFqT6F0OgzNFNF9wUEnez+KiFMZ0kmCJaFWZCbVWXoK4v7C8sE8tqRpM16WJWQkeQefB5sEubDUdg==
  dependencies:
    "@abp/jquery" "~9.1.0-rc.1"
    jquery-validation "^1.21.0"

"@abp/jquery@~9.1.0-rc.1":
  version "9.1.0-rc.1"
  resolved "https://registry.yarnpkg.com/@abp/jquery/-/jquery-9.1.0-rc.1.tgz#11db23ac334574d7c13b9792994b45494875bc54"
  integrity sha512-WlrFID5d1u29Mz4XFjoNh/iUUJ+1dRaxN55gfqy75wjQV5vlblvHSsygb0AFNSF9ekQ8tBqr3w6AbGclmb0rGA==
  dependencies:
    "@abp/core" "~9.1.0-rc.1"
    jquery "~3.7.1"

"@abp/lodash@~9.1.0-rc.1":
  version "9.1.0-rc.1"
  resolved "https://registry.yarnpkg.com/@abp/lodash/-/lodash-9.1.0-rc.1.tgz#c54fda2f94dc362937c0e87da28cc01261745e16"
  integrity sha512-c2uSwNOAPeCcRClsQfwPpKwMFbUI7vgK523mKYc39QSZJhx/Enj37KUH56Y/iARo5HRas4J0TR/HqStiewmjOg==
  dependencies:
    "@abp/core" "~9.1.0-rc.1"
    lodash "^4.17.21"

"@abp/luxon@~9.1.0-rc.1":
  version "9.1.0-rc.1"
  resolved "https://registry.yarnpkg.com/@abp/luxon/-/luxon-9.1.0-rc.1.tgz#06480870b4db9ce8a6cad0dd93c6f517be3b44c6"
  integrity sha512-HECD4GN827kLejyDDhh+ga4Zyn6xah1hqS5REbAzoAAV16/sZ7PRommUe6/kqFXNMCLTW3wQojJdBkKdaDLEiw==
  dependencies:
    "@abp/core" "~9.1.0-rc.1"
    luxon "^3.5.0"

"@abp/malihu-custom-scrollbar-plugin@~9.1.0-rc.1":
  version "9.1.0-rc.1"
  resolved "https://registry.yarnpkg.com/@abp/malihu-custom-scrollbar-plugin/-/malihu-custom-scrollbar-plugin-9.1.0-rc.1.tgz#1eb6a19f36429b1a911425189c04929cb34fef85"
  integrity sha512-7bsAFjHldekilb0cr1P00zTjLqCJ+f2DgOhtNQ+FyHuNfWjZvfgdH8AFopku8s8Bt6ZZMOro11oiNe7moFRfGA==
  dependencies:
    "@abp/core" "~9.1.0-rc.1"
    malihu-custom-scrollbar-plugin "^3.1.5"

"@abp/moment@~9.1.0-rc.1":
  version "9.1.0-rc.1"
  resolved "https://registry.yarnpkg.com/@abp/moment/-/moment-9.1.0-rc.1.tgz#b43e8479a2ffc7f295d768c275af10d540d882be"
  integrity sha512-3uwA39y38rrUyOjPtDj0m1OZ6RhLUG836rUUu0SexYd9wdGXeo34ShWucCGT78uEdzfBqyXfzAGLroS+ewUGgQ==
  dependencies:
    moment "^2.30.1"

"@abp/prismjs@~9.1.0-rc.1":
  version "9.1.0-rc.1"
  resolved "https://registry.yarnpkg.com/@abp/prismjs/-/prismjs-9.1.0-rc.1.tgz#8b55c07b979a5bc31c03e417b5196c91931c776e"
  integrity sha512-2E4XoMyBfnlVc9to6HLWoXVxuOA3n3nsME6VjCW9rgXIzZwrwam+g4/6vE9l8aU+U5k7YbZ3l9+7brLS1AMqTg==
  dependencies:
    "@abp/clipboard" "~9.1.0-rc.1"
    "@abp/core" "~9.1.0-rc.1"
    prismjs "^1.29.0"

"@abp/select2@~9.1.0-rc.1":
  version "9.1.0-rc.1"
  resolved "https://registry.yarnpkg.com/@abp/select2/-/select2-9.1.0-rc.1.tgz#d0c49b27d39eb1b48640d07c066e06d320fed8da"
  integrity sha512-mRLckiFInbdOrB05Qf8nT5qIRmeIBj++KyJz+X63R6Nyt8Uz2SV5FAkH7qRSJICB/lyZDqoL1HZ1EW7H+IhrQA==
  dependencies:
    "@abp/core" "~9.1.0-rc.1"
    select2 "^4.0.13"

"@abp/sweetalert2@~9.1.0-rc.1":
  version "9.1.0-rc.1"
  resolved "https://registry.yarnpkg.com/@abp/sweetalert2/-/sweetalert2-9.1.0-rc.1.tgz#36730034d28ca2316b8e52ed47593619b41656ee"
  integrity sha512-aHuqp87dC/70qM3TG6yos8fm2xZeZeQkwoj0rA86VyXEtvJEonuLueiSS1iNjwTy3AO3TaRgjFTdAgVJeK/XdA==
  dependencies:
    "@abp/core" "~9.1.0-rc.1"
    sweetalert2 "^11.14.1"

"@abp/timeago@~9.1.0-rc.1":
  version "9.1.0-rc.1"
  resolved "https://registry.yarnpkg.com/@abp/timeago/-/timeago-9.1.0-rc.1.tgz#72057afeacc3dd475b8508184b94c5264bd1c66d"
  integrity sha512-R9+k3LVLXO0eucxfaDFDHPCurwOyHQWYh+EsCK0CNnpm8q0tRgXDgHGpcRv+wSllVEn25nFDLK9moXe32xV1EQ==
  dependencies:
    "@abp/jquery" "~9.1.0-rc.1"
    timeago "^1.6.7"

"@abp/toastr@~9.1.0-rc.1":
  version "9.1.0-rc.1"
  resolved "https://registry.yarnpkg.com/@abp/toastr/-/toastr-9.1.0-rc.1.tgz#7ce36f9abb15fdda11ccf1813fd5d52fc8d18023"
  integrity sha512-jW4O29BuSLJYCyPvaKQd+iY6qWN/VUIJOB3g7PUWQOFxL+oWviEQK2bL3DZDtEQRyGyU/qZQB+zaore1e3Ovxg==
  dependencies:
    "@abp/jquery" "~9.1.0-rc.1"
    toastr "^2.1.4"

"@abp/utils@~9.1.0-rc.1":
  version "9.1.0-rc.1"
  resolved "https://registry.yarnpkg.com/@abp/utils/-/utils-9.1.0-rc.1.tgz#ddc5b216b54c23abd03a2ac8cea759fdecd7019f"
  integrity sha512-BFlLQ5wGlx1w1y7iNY3404KIgf+jxDUVKVeYojv9iRK/HzT9btUJeGlPo2T5lXlV8Hvfq3PZjcWJrvHDU4Bn9w==
  dependencies:
    just-compare "^2.3.0"

"@abp/virtual-file-explorer@~9.1.0-rc.1":
  version "9.1.0-rc.1"
  resolved "https://registry.yarnpkg.com/@abp/virtual-file-explorer/-/virtual-file-explorer-9.1.0-rc.1.tgz#1c2ec620fe7d04d7ddf68b182793cd619d4e3c2b"
  integrity sha512-CHiNg9dwsQ9cfjqfuOou29Pf3xftfVKvBiu0uc/z+H93l7QCyB9eQE9MtgmxqBPWMcANywNtR8Xwx0P+QYk4Rg==
  dependencies:
    "@abp/clipboard" "~9.1.0-rc.1"
    "@abp/prismjs" "~9.1.0-rc.1"

"@fortawesome/fontawesome-free@^6.6.0":
  version "6.6.0"
  resolved "https://registry.yarnpkg.com/@fortawesome/fontawesome-free/-/fontawesome-free-6.6.0.tgz#0e984f0f2344ee513c185d87d77defac4c0c8224"
  integrity sha512-60G28ke/sXdtS9KZCpZSHHkCbdsOGEhIUGlwq6yhY74UpTiToIh8np7A8yphhM4BWsvNFtIvLpi4co+h9Mr9Ow==

ansi-colors@^4.1.3:
  version "4.1.3"
  resolved "https://registry.yarnpkg.com/ansi-colors/-/ansi-colors-4.1.3.tgz#37611340eb2243e70cc604cad35d63270d48781b"
  integrity sha512-/6w/C21Pm1A7aZitlI5Ni/2J6FFQN8i1Cvz3kHABAAbw93v/NlvKdVOqz7CCWz/3iv/JplRSEEZ83XION15ovw==

bootstrap-datepicker@^1.10.0:
  version "1.10.0"
  resolved "https://registry.yarnpkg.com/bootstrap-datepicker/-/bootstrap-datepicker-1.10.0.tgz#61612bbe8bf0a69a5bce32bbcdda93ebb6ccf24a"
  integrity sha512-lWxtSYddAQOpbAO8UhYhHLcK6425eWoSjb5JDvZU3ePHEPF6A3eUr51WKaFy4PccU19JRxUG6wEU3KdhtKfvpg==
  dependencies:
    jquery ">=3.4.0 <4.0.0"

bootstrap-daterangepicker@^3.1.0:
  version "3.1.0"
  resolved "https://registry.yarnpkg.com/bootstrap-daterangepicker/-/bootstrap-daterangepicker-3.1.0.tgz#632e6fb2de4b6360c5c0a9d5f6adb9aace051fe8"
  integrity sha512-oaQZx6ZBDo/dZNyXGVi2rx5GmFXThyQLAxdtIqjtLlYVaQUfQALl5JZMJJZzyDIX7blfy4ppZPAJ10g8Ma4d/g==
  dependencies:
    jquery ">=1.10"
    moment "^2.9.0"

bootstrap@^5.3.3:
  version "5.3.3"
  resolved "https://registry.yarnpkg.com/bootstrap/-/bootstrap-5.3.3.tgz#de35e1a765c897ac940021900fcbb831602bac38"
  integrity sha512-8HLCdWgyoMguSO9o+aH+iuZ+aht+mzW0u3HIMzVu7Srrpv7EBBxTnrFlSCskwdY1+EOFQSm7uMJhNQHkdPcmjg==

clipboard@^2.0.11:
  version "2.0.11"
  resolved "https://registry.yarnpkg.com/clipboard/-/clipboard-2.0.11.tgz#62180360b97dd668b6b3a84ec226975762a70be5"
  integrity sha512-C+0bbOqkezLIsmWSvlsXS0Q0bmkugu7jcfMIACB+RDEntIzQIkdr148we28AfSloQLRdZlYL/QYyrq05j/3Faw==
  dependencies:
    good-listener "^1.2.2"
    select "^1.1.2"
    tiny-emitter "^2.0.0"

datatables.net-bs5@^2.1.8:
  version "2.1.8"
  resolved "https://registry.yarnpkg.com/datatables.net-bs5/-/datatables.net-bs5-2.1.8.tgz#860717c4ee85ecb84812ba9a73fb1204aa2a68b6"
  integrity sha512-YlGws8eI3iw/1AmKJH18+YMzm/UgGb6o9s14KAC24QT1/8anolm8GnVAgGcwUcvHm3hn1i8A5QXqgbqeMRINeg==
  dependencies:
    datatables.net "2.1.8"
    jquery ">=1.7"

datatables.net@2.1.8, datatables.net@^2.1.8:
  version "2.1.8"
  resolved "https://registry.yarnpkg.com/datatables.net/-/datatables.net-2.1.8.tgz#9b020f18e927cc924d72411f62dc595cc688669b"
  integrity sha512-47ULt+U4bcjbuGTpTlT6SnCuSFVRBxxdWa6X3NfvTObBJ2BZU0o+JUIl05wQ6cABNIavjbAV51gpgvFsMHL9zA==
  dependencies:
    jquery ">=1.7"

delegate@^3.1.2:
  version "3.2.0"
  resolved "https://registry.yarnpkg.com/delegate/-/delegate-3.2.0.tgz#b66b71c3158522e8ab5744f720d8ca0c2af59166"
  integrity sha512-IofjkYBZaZivn0V8nnsMJGBr4jVLxHDheKSW88PyxS5QC4Vo9ZbZVvhzlSxY87fVq3STR6r+4cGepyHkcWOQSw==

good-listener@^1.2.2:
  version "1.2.2"
  resolved "https://registry.yarnpkg.com/good-listener/-/good-listener-1.2.2.tgz#d53b30cdf9313dffb7dc9a0d477096aa6d145c50"
  integrity sha512-goW1b+d9q/HIwbVYZzZ6SsTr4IgE+WA44A0GmPIQstuOrgsFcT7VEJ48nmr9GaRtNu0XTKacFLGnBPAM6Afouw==
  dependencies:
    delegate "^3.1.2"

jquery-form@^4.3.0:
  version "4.3.0"
  resolved "https://registry.yarnpkg.com/jquery-form/-/jquery-form-4.3.0.tgz#7d3961c314a1f2d15298f4af1d3943f54f4149c6"
  integrity sha512-q3uaVCEWdLOYUCI6dpNdwf/7cJFOsUgdpq6r0taxtGQ5NJSkOzofyWm4jpOuJ5YxdmL1FI5QR+q+HB63HHLGnQ==
  dependencies:
    jquery ">=1.7.2"

jquery-mousewheel@>=3.0.6:
  version "3.1.13"
  resolved "https://registry.yarnpkg.com/jquery-mousewheel/-/jquery-mousewheel-3.1.13.tgz#06f0335f16e353a695e7206bf50503cb523a6ee5"
  integrity sha512-GXhSjfOPyDemM005YCEHvzrEALhKDIswtxSHSR2e4K/suHVJKJxxRCGz3skPjNxjJjQa9AVSGGlYjv1M3VLIPg==

jquery-validation-unobtrusive@^4.0.0:
  version "4.0.0"
  resolved "https://registry.yarnpkg.com/jquery-validation-unobtrusive/-/jquery-validation-unobtrusive-4.0.0.tgz#dfcf25a558496a2c883db6021d10f5398d15f99d"
  integrity sha512-1ervYFFv6LX/rp7ktuLnMakHNG0piNRDyROI8Ir3hL1vPIwylAehB1AY3BPrYJnzW3WmwWryZq+Bz4sazZK9iQ==
  dependencies:
    jquery "^3.6.0"
    jquery-validation ">=1.19"

jquery-validation@>=1.19, jquery-validation@^1.21.0:
  version "1.21.0"
  resolved "https://registry.yarnpkg.com/jquery-validation/-/jquery-validation-1.21.0.tgz#78fc05ab76020912a246af3661b3f54a438bca93"
  integrity sha512-xNot0rlUIgu7duMcQ5qb6MGkGL/Z1PQaRJQoZAURW9+a/2PGOUxY36o/WyNeP2T9R6jvWB8Z9lUVvvQWI/Zs5w==

jquery@>=1.10, jquery@>=1.12.0, "jquery@>=1.5.0 <4.0", jquery@>=1.7, jquery@>=1.7.2:
  version "3.6.4"
  resolved "https://registry.yarnpkg.com/jquery/-/jquery-3.6.4.tgz#ba065c188142100be4833699852bf7c24dc0252f"
  integrity sha512-v28EW9DWDFpzcD9O5iyJXg3R3+q+mET5JhnjJzQUZMHOv67bpSIHq81GEYpPNZHG+XXHsfSme3nxp/hndKEcsQ==

"jquery@>=3.4.0 <4.0.0", jquery@^3.6.0, jquery@~3.7.1:
  version "3.7.1"
  resolved "https://registry.yarnpkg.com/jquery/-/jquery-3.7.1.tgz#083ef98927c9a6a74d05a6af02806566d16274de"
  integrity sha512-m4avr8yL8kmFN8psrbFFFmB/If14iN5o9nw/NgnnM+kybDJpRsAynV2BsfpTYrTRysYUdADVD7CkUUizgkpLfg==

just-compare@^2.3.0:
  version "2.3.0"
  resolved "https://registry.yarnpkg.com/just-compare/-/just-compare-2.3.0.tgz#a2adcc1d1940536263275f5a1ef1298bcacfeda7"
  integrity sha512-6shoR7HDT+fzfL3gBahx1jZG3hWLrhPAf+l7nCwahDdT9XDtosB9kIF0ZrzUp5QY8dJWfQVr5rnsPqsbvflDzg==

lodash@^4.17.21:
  version "4.17.21"
  resolved "https://registry.yarnpkg.com/lodash/-/lodash-4.17.21.tgz#679591c564c3bffaae8454cf0b3df370c3d6911c"
  integrity sha512-v2kDEe57lecTulaDIuNTPy3Ry4gLGJ6Z1O3vE1krgXZNrsQ+LFTGHVxVjcXPs17LhbZVGedAJv8XZ1tvj5FvSg==

luxon@^3.5.0:
  version "3.5.0"
  resolved "https://registry.yarnpkg.com/luxon/-/luxon-3.5.0.tgz#6b6f65c5cd1d61d1fd19dbf07ee87a50bf4b8e20"
  integrity sha512-rh+Zjr6DNfUYR3bPwJEnuwDdqMbxZW7LOQfUN4B54+Cl+0o5zaU9RJ6bcidfDtC1cWCZXQ+nvX8bf6bAji37QQ==

malihu-custom-scrollbar-plugin@^3.1.5:
  version "3.1.5"
  resolved "https://registry.yarnpkg.com/malihu-custom-scrollbar-plugin/-/malihu-custom-scrollbar-plugin-3.1.5.tgz#310cecc5e59415a1c29e9dfb5d2b6e01d66a29ef"
  integrity sha512-lwW3LgI+CNDMPnP4ED2la6oYxWMkCXlnhex+s2wuOLhFDFGnGmQuTQVdRK9bvDLpxs10sGlfErVufJy9ztfgJQ==
  dependencies:
    jquery-mousewheel ">=3.0.6"

moment@^2.30.1:
  version "2.30.1"
  resolved "https://registry.yarnpkg.com/moment/-/moment-2.30.1.tgz#f8c91c07b7a786e30c59926df530b4eac96974ae"
  integrity sha512-uEmtNhbDOrWPFS+hdjFCBfy9f2YoyzRpwcl+DqpC6taX21FzsTLQVbMV/W7PzNSX6x/bhC1zA3c2UQ5NzH6how==

moment@^2.9.0:
  version "2.29.4"
  resolved "https://registry.yarnpkg.com/moment/-/moment-2.29.4.tgz#3dbe052889fe7c1b2ed966fcb3a77328964ef108"
  integrity sha512-5LC9SOxjSc2HF6vO2CyuTDNivEdoz2IvyJJGj6X8DJ0eFyfszE0QiEd+iXmBvUP3WHxSjFH/vIsA0EN00cgr8w==

prismjs@^1.29.0:
  version "1.29.0"
  resolved "https://registry.yarnpkg.com/prismjs/-/prismjs-1.29.0.tgz#f113555a8fa9b57c35e637bba27509dcf802dd12"
  integrity sha512-Kx/1w86q/epKcmte75LNrEoT+lX8pBpavuAbvJWRXar7Hz8jrtF+e3vY751p0R8H9HdArwaCTNDDzHg/ScJK1Q==

select2@^4.0.13:
  version "4.0.13"
  resolved "https://registry.yarnpkg.com/select2/-/select2-4.0.13.tgz#0dbe377df3f96167c4c1626033e924372d8ef44d"
  integrity sha512-1JeB87s6oN/TDxQQYCvS5EFoQyvV6eYMZZ0AeA4tdFDYWN3BAGZ8npr17UBFddU0lgAt3H0yjX3X6/ekOj1yjw==

select@^1.1.2:
  version "1.1.2"
  resolved "https://registry.yarnpkg.com/select/-/select-1.1.2.tgz#0e7350acdec80b1108528786ec1d4418d11b396d"
  integrity sha512-OwpTSOfy6xSs1+pwcNrv0RBMOzI39Lp3qQKUTPVVPRjCdNa5JH/oPRiqsesIskK8TVgmRiHwO4KXlV2Li9dANA==

sweetalert2@^11.14.1:
  version "11.14.4"
  resolved "https://registry.yarnpkg.com/sweetalert2/-/sweetalert2-11.14.4.tgz#0186439674ea4f15991e41cea3af203ee497853c"
  integrity sha512-8QMzjxCuinwm18EK5AtYvuhP+lRMRxTWVXy8om9wGlULsXSI4TD29kyih3VYrSXMMBlD4EShFvNC7slhTC7j0w==

timeago@^1.6.7:
  version "1.6.7"
  resolved "https://registry.yarnpkg.com/timeago/-/timeago-1.6.7.tgz#afd467c29a911e697fc22a81888c7c3022783cb5"
  integrity sha512-FikcjN98+ij0siKH4VO4dZ358PR3oDDq4Vdl1+sN9gWz1/+JXGr3uZbUShYH/hL7bMhcTpPbplJU5Tej4b4jbQ==
  dependencies:
    jquery ">=1.5.0 <4.0"

tiny-emitter@^2.0.0:
  version "2.1.0"
  resolved "https://registry.yarnpkg.com/tiny-emitter/-/tiny-emitter-2.1.0.tgz#1d1a56edfc51c43e863cbb5382a72330e3555423"
  integrity sha512-NB6Dk1A9xgQPMoGqC5CVXn123gWyte215ONT5Pp5a0yt4nlEoO1ZWeCwpncaekPHXO60i47ihFnZPiRPjRMq4Q==

toastr@^2.1.4:
  version "2.1.4"
  resolved "https://registry.yarnpkg.com/toastr/-/toastr-2.1.4.tgz#8b43be64fb9d0c414871446f2db8e8ca4e95f181"
  integrity sha512-LIy77F5n+sz4tefMmFOntcJ6HL0Fv3k1TDnNmFZ0bU/GcvIIfy6eG2v7zQmMiYgaalAiUv75ttFrPn5s0gyqlA==
  dependencies:
    jquery ">=1.12.0"
